
Microsoft Visual Studio Solution File, Format Version 12.00
# Visual Studio 15
VisualStudioVersion = 15.0.27004.2008
MinimumVisualStudioVersion = 10.0.40219.1
Project("{8BC9CEB8-8B4A-11D0-8D11-00A0C91BC942}") = "Kawaii.Exposed", "CSGOSimple\CSGOSimple.vcxproj", "{F3E42845-8D56-4BB3-821D-8163AB1337F0}"
EndProject
Global
	GlobalSection(SolutionConfigurationPlatforms) = preSolution
		Debug|Win32 = Debug|Win32
		Debug|x64 = Debug|x64
		Debug|x86 = Debug|x86
		Release|Win32 = Release|Win32
		Release|x64 = Release|x64
		Release|x86 = Release|x86
	EndGlobalSection
	GlobalSection(ProjectConfigurationPlatforms) = postSolution
		{F3E42845-8D56-4BB3-821D-8163AB1337F0}.Debug|Win32.ActiveCfg = Debug|Win32
		{F3E42845-8D56-4BB3-821D-8163AB1337F0}.Debug|Win32.Build.0 = Debug|Win32
		{F3E42845-8D56-4BB3-821D-8163AB1337F0}.Debug|x64.ActiveCfg = Debug|Win32
		{F3E42845-8D56-4BB3-821D-8163AB1337F0}.Debug|x86.ActiveCfg = Debug|Win32
		{F3E42845-8D56-4BB3-821D-8163AB1337F0}.Debug|x86.Build.0 = Debug|Win32
		{F3E42845-8D56-4BB3-821D-8163AB1337F0}.Release|Win32.ActiveCfg = Release|Win32
		{F3E42845-8D56-4BB3-821D-8163AB1337F0}.Release|Win32.Build.0 = Release|Win32
		{F3E42845-8D56-4BB3-821D-8163AB1337F0}.Release|x64.ActiveCfg = Release|Win32
		{F3E42845-8D56-4BB3-821D-8163AB1337F0}.Release|x86.ActiveCfg = Release|Win32
		{F3E42845-8D56-4BB3-821D-8163AB1337F0}.Release|x86.Build.0 = Release|Win32
	EndGlobalSection
	GlobalSection(SolutionProperties) = preSolution
		HideSolutionNode = FALSE
	EndGlobalSection
	GlobalSection(ExtensibilityGlobals) = postSolution
		SolutionGuid = {E775321F-54C7-4472-9C1E-ED41A7AED0A4}
	EndGlobalSection
EndGlobal
